<?xml version="1.0" encoding="utf-8"?>
<Project ToolsVersion="4.0" xmlns="http://schemas.microsoft.com/developer/msbuild/2003">
  <ItemGroup>
    <Filter Include="Source Files">
      <UniqueIdentifier>{4FC737F1-C7A5-4376-A066-2A32D752A2FF}</UniqueIdentifier>
      <Extensions>cpp;c;cc;cxx;c++;cppm;ixx;def;odl;idl;hpj;bat;asm;asmx</Extensions>
    </Filter>
    <Filter Include="Header Files">
      <UniqueIdentifier>{93995380-89BD-4b04-88EB-625FBE52EBFB}</UniqueIdentifier>
      <Extensions>h;hh;hpp;hxx;h++;hm;inl;inc;ipp;xsd</Extensions>
    </Filter>
    <Filter Include="Resource Files">
      <UniqueIdentifier>{67DA6AB6-F800-4c08-8B7A-83BB121AAD01}</UniqueIdentifier>
      <Extensions>rc;ico;cur;bmp;dlg;rc2;rct;bin;rgs;gif;jpg;jpeg;jpe;resx;tiff;tif;png;wav;mfcribbon-ms</Extensions>
    </Filter>
    <Filter Include="Frameworks">
      <UniqueIdentifier>{cb08a8b2-a3b7-4c31-9c34-c15b5a8b0f7f}</UniqueIdentifier>
    </Filter>
  </ItemGroup>
  <ItemGroup>
    <ClCompile Include="pch.cpp">
      <Filter>Frameworks</Filter>
    </ClCompile>
    <ClCompile Include="src\BezierManager.cpp">
      <Filter>Source Files</Filter>
    </ClCompile>
    <ClCompile Include="src\CameraAction.cpp">
      <Filter>Source Files</Filter>
    </ClCompile>
    <ClCompile Include="src\G3DBaseNode.cpp">
      <Filter>Source Files</Filter>
    </ClCompile>
    <ClCompile Include="src\G3DFragmentShaderLayer.cpp">
      <Filter>Source Files</Filter>
    </ClCompile>
    <ClCompile Include="src\G3DModelPreviewLayer.cpp">
      <Filter>Source Files</Filter>
    </ClCompile>
    <ClCompile Include="src\G3DPlayLayer.cpp">
      <Filter>Source Files</Filter>
    </ClCompile>
    <ClCompile Include="src\Hooks.cpp">
      <Filter>Source Files</Filter>
    </ClCompile>
    <ClCompile Include="src\Sus3D\Shaders.cpp">
      <Filter>Source Files</Filter>
    </ClCompile>
    <ClCompile Include="src\Sus3D\Mesh.cpp">
      <Filter>Source Files</Filter>
    </ClCompile>
    <ClCompile Include="src\Sus3D\Model.cpp">
      <Filter>Source Files</Filter>
    </ClCompile>
    <ClCompile Include="src\Sus3D\Shader.cpp">
      <Filter>Source Files</Filter>
    </ClCompile>
    <ClCompile Include="src\Sus3D\ShaderProgram.cpp">
      <Filter>Source Files</Filter>
    </ClCompile>
    <ClCompile Include="src\Sus3D\Scene.cpp">
      <Filter>Source Files</Filter>
    </ClCompile>
    <ClCompile Include="src\Sus3D\Texture.cpp">
      <Filter>Source Files</Filter>
    </ClCompile>
    <ClCompile Include="src\Delegate\CustomKeyboard.cpp">
      <Filter>Source Files</Filter>
    </ClCompile>
    <ClCompile Include="src\Delegate\CustomMouse.cpp">
      <Filter>Source Files</Filter>
    </ClCompile>
    <ClCompile Include="src\Delegate\CustomTouch.cpp">
      <Filter>Source Files</Filter>
    </ClCompile>
    <ClCompile Include="src\Helper\BezierHelper.cpp">
      <Filter>Source Files</Filter>
    </ClCompile>
    <ClCompile Include="src\Helper\CommonHelper.cpp">
      <Filter>Source Files</Filter>
    </ClCompile>
    <ClCompile Include="src\Helper\OpenGLStateHelper.cpp">
      <Filter>Source Files</Filter>
    </ClCompile>
    <ClCompile Include="src\Lib\tinyfiledialogs\tinyfiledialogs.c">
      <Filter>Source Files</Filter>
    </ClCompile>
    <ClCompile Include="dllmain.cpp">
      <Filter>Source Files</Filter>
    </ClCompile>
    <ClCompile Include="src\Sus3D\Easing.cpp">
      <Filter>Source Files</Filter>
    </ClCompile>
    <ClCompile Include="src\CocosShaderProgram.cpp">
      <Filter>Source Files</Filter>
    </ClCompile>
    <ClCompile Include="src\G3DPlanetLayer.cpp">
      <Filter>Source Files</Filter>
    </ClCompile>
  </ItemGroup>
  <ItemGroup>
    <ClInclude Include="pch.h">
      <Filter>Frameworks</Filter>
    </ClInclude>
    <ClInclude Include="src\BezierManager.h">
      <Filter>Source Files</Filter>
    </ClInclude>
    <ClInclude Include="src\CameraAction.h">
      <Filter>Source Files</Filter>
    </ClInclude>
    <ClInclude Include="src\G3DBaseNode.h">
      <Filter>Source Files</Filter>
    </ClInclude>
    <ClInclude Include="src\G3DFragmentShaderLayer.h">
      <Filter>Source Files</Filter>
    </ClInclude>
    <ClInclude Include="src\G3DModelPreviewLayer.h">
      <Filter>Source Files</Filter>
    </ClInclude>
    <ClInclude Include="src\G3DPlayLayer.h">
      <Filter>Source Files</Filter>
    </ClInclude>
    <ClInclude Include="src\Hooks.h">
      <Filter>Source Files</Filter>
    </ClInclude>
    <ClInclude Include="src\Sus3D\Shaders.h">
      <Filter>Source Files</Filter>
    </ClInclude>
    <ClInclude Include="src\Sus3D\Mesh.h">
      <Filter>Source Files</Filter>
    </ClInclude>
    <ClInclude Include="src\Sus3D\Model.h">
      <Filter>Source Files</Filter>
    </ClInclude>
    <ClInclude Include="src\Sus3D\Shader.h">
      <Filter>Source Files</Filter>
    </ClInclude>
    <ClInclude Include="src\Sus3D\ShaderProgram.h">
      <Filter>Source Files</Filter>
    </ClInclude>
    <ClInclude Include="src\Sus3D\Scene.h">
      <Filter>Source Files</Filter>
    </ClInclude>
    <ClInclude Include="src\Sus3D\Texture.h">
      <Filter>Source Files</Filter>
    </ClInclude>
    <ClInclude Include="src\Delegate\CustomKeyboard.h">
      <Filter>Source Files</Filter>
    </ClInclude>
    <ClInclude Include="src\Delegate\CustomMouse.h">
      <Filter>Source Files</Filter>
    </ClInclude>
    <ClInclude Include="src\Delegate\CustomTouch.h">
      <Filter>Source Files</Filter>
    </ClInclude>
    <ClInclude Include="src\Helper\BezierHelper.h">
      <Filter>Source Files</Filter>
    </ClInclude>
    <ClInclude Include="src\Helper\CommonHelper.h">
      <Filter>Source Files</Filter>
    </ClInclude>
    <ClInclude Include="src\Helper\OpenGLStateHelper.h">
      <Filter>Source Files</Filter>
    </ClInclude>
    <ClInclude Include="src\Lib\tinyfiledialogs\tinyfiledialogs.h">
      <Filter>Source Files</Filter>
    </ClInclude>
    <ClInclude Include="src\Sus3D\Easing.h">
      <Filter>Header Files</Filter>
    </ClInclude>
    <ClInclude Include="src\CocosShaderProgram.h">
      <Filter>Header Files</Filter>
    </ClInclude>
    <ClInclude Include="src\G3DPlanetLayer.h">
      <Filter>Header Files</Filter>
    </ClInclude>
  </ItemGroup>
</Project>