<?xml version="1.0" encoding="utf-8"?>
<Project ToolsVersion="4.0" xmlns="http://schemas.microsoft.com/developer/msbuild/2003">
  <ItemGroup>
    <Filter Include="Source Files">
      <UniqueIdentifier>{4FC737F1-C7A5-4376-A066-2A32D752A2FF}</UniqueIdentifier>
      <Extensions>cpp;c;cc;cxx;c++;cppm;ixx;def;odl;idl;hpj;bat;asm;asmx</Extensions>
    </Filter>
    <Filter Include="Header Files">
      <UniqueIdentifier>{93995380-89BD-4b04-88EB-625FBE52EBFB}</UniqueIdentifier>
      <Extensions>h;hh;hpp;hxx;h++;hm;inl;inc;ipp;xsd</Extensions>
    </Filter>
    <Filter Include="Resource Files">
      <UniqueIdentifier>{67DA6AB6-F800-4c08-8B7A-83BB121AAD01}</UniqueIdentifier>
      <Extensions>rc;ico;cur;bmp;dlg;rc2;rct;bin;rgs;gif;jpg;jpeg;jpe;resx;tiff;tif;png;wav;mfcribbon-ms</Extensions>
    </Filter>
    <Filter Include="Frameworks">
      <UniqueIdentifier>{cb08a8b2-a3b7-4c31-9c34-c15b5a8b0f7f}</UniqueIdentifier>
    </Filter>
  </ItemGroup>
  <ItemGroup>
    <ClCompile Include="pch.cpp">
      <Filter>Frameworks</Filter>
    </ClCompile>
    <ClCompile Include="src\Delegate\CustomKeyboard.cpp">
      <Filter>Source Files</Filter>
    </ClCompile>
    <ClCompile Include="src\Delegate\CustomMouse.cpp">
      <Filter>Source Files</Filter>
    </ClCompile>
    <ClCompile Include="src\Delegate\CustomTouch.cpp">
      <Filter>Source Files</Filter>
    </ClCompile>
    <ClCompile Include="src\Helper\CommonHelper.cpp">
      <Filter>Source Files</Filter>
    </ClCompile>
    <ClCompile Include="src\Helper\OpenGLStateHelper.cpp">
      <Filter>Source Files</Filter>
    </ClCompile>
    <ClCompile Include="dllmain.cpp">
      <Filter>Source Files</Filter>
    </ClCompile>
    <ClCompile Include="src\game\component\G3DProgressBar.cpp">
      <Filter>Source Files</Filter>
    </ClCompile>
    <ClCompile Include="src\game\planet\G3DPlanetPopup.cpp">
      <Filter>Source Files</Filter>
    </ClCompile>
    <ClCompile Include="src\helper\Easing.cpp">
      <Filter>Source Files</Filter>
    </ClCompile>
    <ClCompile Include="src\engine\sus3d\Mesh.cpp">
      <Filter>Source Files</Filter>
    </ClCompile>
    <ClCompile Include="src\engine\sus3d\Model.cpp">
      <Filter>Source Files</Filter>
    </ClCompile>
    <ClCompile Include="src\engine\sus3d\Scene.cpp">
      <Filter>Source Files</Filter>
    </ClCompile>
    <ClCompile Include="src\engine\sus3d\Shader.cpp">
      <Filter>Source Files</Filter>
    </ClCompile>
    <ClCompile Include="src\engine\sus3d\ShaderProgram.cpp">
      <Filter>Source Files</Filter>
    </ClCompile>
    <ClCompile Include="src\engine\sus3d\Shaders.cpp">
      <Filter>Source Files</Filter>
    </ClCompile>
    <ClCompile Include="src\engine\sus3d\Texture.cpp">
      <Filter>Source Files</Filter>
    </ClCompile>
    <ClCompile Include="src\game\component\G3DBaseNode.cpp">
      <Filter>Source Files</Filter>
    </ClCompile>
    <ClCompile Include="src\game\component\G3DFragmentShaderLayer.cpp">
      <Filter>Source Files</Filter>
    </ClCompile>
    <ClCompile Include="src\game\editor\G3DCameraEditorPopup.cpp">
      <Filter>Source Files</Filter>
    </ClCompile>
    <ClCompile Include="src\game\component\G3DNumberSetting.cpp">
      <Filter>Source Files</Filter>
    </ClCompile>
    <ClCompile Include="src\game\planet\G3DPlanetLayer.cpp">
      <Filter>Source Files</Filter>
    </ClCompile>
    <ClCompile Include="src\game\play\G3DPlayLayer.cpp">
      <Filter>Source Files</Filter>
    </ClCompile>
    <ClCompile Include="src\hook\CCEGLView.cpp">
      <Filter>Source Files</Filter>
    </ClCompile>
    <ClCompile Include="src\hook\CCKeyboardDispatcher.cpp">
      <Filter>Source Files</Filter>
    </ClCompile>
    <ClCompile Include="src\hook\CCMouseDispatcher.cpp">
      <Filter>Source Files</Filter>
    </ClCompile>
    <ClCompile Include="src\hook\CCTouchDispatcher.cpp">
      <Filter>Source Files</Filter>
    </ClCompile>
    <ClCompile Include="src\hook\CreatorLayer.cpp">
      <Filter>Source Files</Filter>
    </ClCompile>
    <ClCompile Include="src\hook\GameManager.cpp">
      <Filter>Source Files</Filter>
    </ClCompile>
    <ClCompile Include="src\hook\LevelEditorLayer.cpp">
      <Filter>Source Files</Filter>
    </ClCompile>
    <ClCompile Include="src\hook\MenuLayer.cpp">
      <Filter>Source Files</Filter>
    </ClCompile>
    <ClCompile Include="src\hook\PlayLayer.cpp">
      <Filter>Source Files</Filter>
    </ClCompile>
    <ClCompile Include="src\helper\spline\Curve.cpp">
      <Filter>Source Files</Filter>
    </ClCompile>
    <ClCompile Include="src\helper\spline\Spline.cpp">
      <Filter>Source Files</Filter>
    </ClCompile>
    <ClCompile Include="lib\imgui-cocos\imgui.cpp">
      <Filter>Source Files</Filter>
    </ClCompile>
    <ClCompile Include="lib\imgui-cocos\imgui_demo.cpp">
      <Filter>Source Files</Filter>
    </ClCompile>
    <ClCompile Include="lib\imgui-cocos\imgui_draw.cpp">
      <Filter>Source Files</Filter>
    </ClCompile>
    <ClCompile Include="lib\imgui-cocos\imgui_tables.cpp">
      <Filter>Source Files</Filter>
    </ClCompile>
    <ClCompile Include="lib\imgui-cocos\imgui_widgets.cpp">
      <Filter>Source Files</Filter>
    </ClCompile>
    <ClCompile Include="lib\imgui-cocos\imgui-cocos.cpp">
      <Filter>Source Files</Filter>
    </ClCompile>
    <ClCompile Include="src\game\editor\G3DCurveEditorPopup.cpp">
      <Filter>Source Files</Filter>
    </ClCompile>
    <ClCompile Include="src\game\editor\G3DCurveEditorLoader.cpp">
      <Filter>Source Files</Filter>
    </ClCompile>
    <ClCompile Include="src\transformer\AGomtBase.cpp">
      <Filter>Source Files</Filter>
    </ClCompile>
    <ClCompile Include="src\transformer\GomtAnimation.cpp">
      <Filter>Source Files</Filter>
    </ClCompile>
    <ClCompile Include="src\transformer\GomtFade.cpp">
      <Filter>Source Files</Filter>
    </ClCompile>
    <ClCompile Include="src\transformer\GomtSpline.cpp">
      <Filter>Source Files</Filter>
    </ClCompile>
    <ClCompile Include="src\transformer\PomtSplineCamera.cpp">
      <Filter>Source Files</Filter>
    </ClCompile>
    <ClCompile Include="src\game\editor\G3DCameraKeyEditorLoader.cpp">
      <Filter>Source Files</Filter>
    </ClCompile>
    <ClCompile Include="src\game\editor\G3DCameraKeyEditorPopup.cpp">
      <Filter>Source Files</Filter>
    </ClCompile>
    <ClCompile Include="src\helper\KeyframeData.cpp">
      <Filter>Source Files</Filter>
    </ClCompile>
    <ClCompile Include="src\transformer\PomtSpline.cpp">
      <Filter>Source Files</Filter>
    </ClCompile>
    <ClCompile Include="src\game\popup\G3DRainixPopup.cpp">
      <Filter>Source Files</Filter>
    </ClCompile>
    <ClCompile Include="src\hook\MenuGameLayer.cpp">
      <Filter>Source Files</Filter>
    </ClCompile>
    <ClCompile Include="src\game\popup\G3DComingSoonPopup.cpp">
      <Filter>Source Files</Filter>
    </ClCompile>
    <ClCompile Include="src\transformer\AGomtSpline.cpp">
      <Filter>Source Files</Filter>
    </ClCompile>
    <ClCompile Include="src\manager\ModelManager.cpp">
      <Filter>Source Files</Filter>
    </ClCompile>
    <ClCompile Include="src\manager\LevelDataManager.cpp">
      <Filter>Source Files</Filter>
    </ClCompile>
    <ClCompile Include="src\manager\PlanetStateManager.cpp">
      <Filter>Source Files</Filter>
    </ClCompile>
    <ClCompile Include="src\model\GameObjectModel.cpp">
      <Filter>Source Files</Filter>
    </ClCompile>
    <ClCompile Include="src\model\PlayerObjectModel.cpp">
      <Filter>Source Files</Filter>
    </ClCompile>
    <ClCompile Include="src\gui\LevelEditorImGui.cpp">
      <Filter>Source Files</Filter>
    </ClCompile>
    <ClCompile Include="src\model\GroundObjectModel.cpp">
      <Filter>Source Files</Filter>
    </ClCompile>
    <ClCompile Include="src\impl\engine\CloudMesh.cpp">
      <Filter>Source Files</Filter>
    </ClCompile>
    <ClCompile Include="src\impl\engine\CloudModel.cpp">
      <Filter>Source Files</Filter>
    </ClCompile>
    <ClCompile Include="src\impl\engine\CocosShaderProgram.cpp">
      <Filter>Source Files</Filter>
    </ClCompile>
    <ClCompile Include="src\impl\engine\PlanetModel.cpp">
      <Filter>Source Files</Filter>
    </ClCompile>
    <ClCompile Include="src\game\play\G3DGameLayer.cpp">
      <Filter>Source Files</Filter>
    </ClCompile>
    <ClCompile Include="src\game\play\G3DCameraEditorScene.cpp">
      <Filter>Source Files</Filter>
    </ClCompile>
    <ClCompile Include="src\game\play\G3DCameraKeyEditorScene.cpp">
      <Filter>Source Files</Filter>
    </ClCompile>
  </ItemGroup>
  <ItemGroup>
    <ClInclude Include="pch.h">
      <Filter>Frameworks</Filter>
    </ClInclude>
    <ClInclude Include="src\Helper\OpenGLStateHelper.h">
      <Filter>Header Files</Filter>
    </ClInclude>
    <ClInclude Include="src\Helper\CommonHelper.h">
      <Filter>Header Files</Filter>
    </ClInclude>
    <ClInclude Include="src\Delegate\CustomTouch.h">
      <Filter>Header Files</Filter>
    </ClInclude>
    <ClInclude Include="src\Delegate\CustomMouse.h">
      <Filter>Header Files</Filter>
    </ClInclude>
    <ClInclude Include="src\Delegate\CustomKeyboard.h">
      <Filter>Header Files</Filter>
    </ClInclude>
    <ClInclude Include="src\game\component\G3DProgressBar.h">
      <Filter>Header Files</Filter>
    </ClInclude>
    <ClInclude Include="src\game\planet\G3DPlanetPopup.h">
      <Filter>Header Files</Filter>
    </ClInclude>
    <ClInclude Include="src\helper\Easing.h">
      <Filter>Header Files</Filter>
    </ClInclude>
    <ClInclude Include="src\engine\sus3d\Mesh.h">
      <Filter>Header Files</Filter>
    </ClInclude>
    <ClInclude Include="src\engine\sus3d\Model.h">
      <Filter>Header Files</Filter>
    </ClInclude>
    <ClInclude Include="src\engine\sus3d\Scene.h">
      <Filter>Header Files</Filter>
    </ClInclude>
    <ClInclude Include="src\engine\sus3d\Shader.h">
      <Filter>Header Files</Filter>
    </ClInclude>
    <ClInclude Include="src\engine\sus3d\ShaderProgram.h">
      <Filter>Header Files</Filter>
    </ClInclude>
    <ClInclude Include="src\engine\sus3d\Shaders.h">
      <Filter>Header Files</Filter>
    </ClInclude>
    <ClInclude Include="src\engine\sus3d\Texture.h">
      <Filter>Header Files</Filter>
    </ClInclude>
    <ClInclude Include="src\game\editor\G3DCameraEditorPopup.h">
      <Filter>Header Files</Filter>
    </ClInclude>
    <ClInclude Include="src\game\component\G3DBaseNode.h">
      <Filter>Header Files</Filter>
    </ClInclude>
    <ClInclude Include="src\game\component\G3DFragmentShaderLayer.h">
      <Filter>Header Files</Filter>
    </ClInclude>
    <ClInclude Include="src\game\component\G3DNumberSetting.h">
      <Filter>Header Files</Filter>
    </ClInclude>
    <ClInclude Include="src\game\planet\G3DPlanetLayer.h">
      <Filter>Header Files</Filter>
    </ClInclude>
    <ClInclude Include="src\game\play\G3DPlayLayer.h">
      <Filter>Header Files</Filter>
    </ClInclude>
    <ClInclude Include="src\helper\spline\Curve.h">
      <Filter>Header Files</Filter>
    </ClInclude>
    <ClInclude Include="src\helper\spline\Spline.h">
      <Filter>Header Files</Filter>
    </ClInclude>
    <ClInclude Include="lib\imgui-cocos\imconfig.h">
      <Filter>Header Files</Filter>
    </ClInclude>
    <ClInclude Include="lib\imgui-cocos\imgui.h">
      <Filter>Header Files</Filter>
    </ClInclude>
    <ClInclude Include="lib\imgui-cocos\imgui_internal.h">
      <Filter>Header Files</Filter>
    </ClInclude>
    <ClInclude Include="lib\imgui-cocos\imgui-cocos.hpp">
      <Filter>Header Files</Filter>
    </ClInclude>
    <ClInclude Include="lib\imgui-cocos\imstb_rectpack.h">
      <Filter>Header Files</Filter>
    </ClInclude>
    <ClInclude Include="lib\imgui-cocos\imstb_textedit.h">
      <Filter>Header Files</Filter>
    </ClInclude>
    <ClInclude Include="lib\imgui-cocos\imstb_truetype.h">
      <Filter>Header Files</Filter>
    </ClInclude>
    <ClInclude Include="src\game\editor\G3DCurveEditorPopup.h">
      <Filter>Header Files</Filter>
    </ClInclude>
    <ClInclude Include="src\game\editor\G3DCurveEditorLoader.h">
      <Filter>Header Files</Filter>
    </ClInclude>
    <ClInclude Include="src\transformer\AGomtBase.h">
      <Filter>Header Files</Filter>
    </ClInclude>
    <ClInclude Include="src\transformer\GomtAnimation.h">
      <Filter>Header Files</Filter>
    </ClInclude>
    <ClInclude Include="src\transformer\GomtFade.h">
      <Filter>Header Files</Filter>
    </ClInclude>
    <ClInclude Include="src\transformer\GomtSpline.h">
      <Filter>Header Files</Filter>
    </ClInclude>
    <ClInclude Include="src\transformer\PomtSplineCamera.h">
      <Filter>Header Files</Filter>
    </ClInclude>
    <ClInclude Include="src\game\editor\G3DCameraKeyEditorLoader.h">
      <Filter>Header Files</Filter>
    </ClInclude>
    <ClInclude Include="src\game\editor\G3DCameraKeyEditorPopup.h">
      <Filter>Header Files</Filter>
    </ClInclude>
    <ClInclude Include="src\helper\KeyframeData.h">
      <Filter>Header Files</Filter>
    </ClInclude>
    <ClInclude Include="src\transformer\PomtSpline.h">
      <Filter>Header Files</Filter>
    </ClInclude>
    <ClInclude Include="src\game\popup\G3DRainixPopup.h">
      <Filter>Header Files</Filter>
    </ClInclude>
    <ClInclude Include="src\game\popup\G3DComingSoonPopup.h">
      <Filter>Header Files</Filter>
    </ClInclude>
    <ClInclude Include="src\transformer\AGomtSpline.h">
      <Filter>Header Files</Filter>
    </ClInclude>
    <ClInclude Include="src\manager\ModelManager.h">
      <Filter>Header Files</Filter>
    </ClInclude>
    <ClInclude Include="src\manager\LevelDataManager.h">
      <Filter>Header Files</Filter>
    </ClInclude>
    <ClInclude Include="src\manager\PlanetStateManager.h">
      <Filter>Header Files</Filter>
    </ClInclude>
    <ClInclude Include="src\model\GameObjectModel.h">
      <Filter>Header Files</Filter>
    </ClInclude>
    <ClInclude Include="src\model\PlayerObjectModel.h">
      <Filter>Header Files</Filter>
    </ClInclude>
    <ClInclude Include="src\gui\LevelEditorImGui.h">
      <Filter>Header Files</Filter>
    </ClInclude>
    <ClInclude Include="src\model\GroundObjectModel.h">
      <Filter>Header Files</Filter>
    </ClInclude>
    <ClInclude Include="src\impl\engine\CloudMesh.h">
      <Filter>Header Files</Filter>
    </ClInclude>
    <ClInclude Include="src\impl\engine\CloudModel.h">
      <Filter>Header Files</Filter>
    </ClInclude>
    <ClInclude Include="src\impl\engine\CocosShaderProgram.h">
      <Filter>Header Files</Filter>
    </ClInclude>
    <ClInclude Include="src\impl\engine\PlanetModel.h">
      <Filter>Header Files</Filter>
    </ClInclude>
    <ClInclude Include="src\game\play\G3DGameLayer.h">
      <Filter>Header Files</Filter>
    </ClInclude>
    <ClInclude Include="src\game\play\G3DCameraEditorScene.h">
      <Filter>Header Files</Filter>
    </ClInclude>
    <ClInclude Include="src\game\play\G3DCameraKeyEditorScene.h">
      <Filter>Header Files</Filter>
    </ClInclude>
  </ItemGroup>
  <ItemGroup>
    <None Include=".gitignore" />
  </ItemGroup>
</Project>